{
  "lockfile_version": "1",
  "packages": {
    "bash@latest": {
      "last_modified": "2025-05-28T23:33:38Z",
      "resolved": "github:NixOS/nixpkgs/e80506de785dc48dcfbb636c443c5e2b0b5b2d7d#bash",
      "source": "devbox-search",
      "version": "5.2p37",
      "systems": {
        "aarch64-darwin": {
          "outputs": [
            {
              "name": "out",
              "path": "/nix/store/g2r737j05jgy19c2yqnyvs71w8bxk4b1-bash-interactive-5.2p37",
              "default": true
            },
            {
              "name": "man",
              "path": "/nix/store/yqmbsgprykp8rkzmnzghjj043zb385ww-bash-interactive-5.2p37-man",
              "default": true
            },
            {
              "name": "dev",
              "path": "/nix/store/53a61nyj51khjiclybi6vgrznjraib3b-bash-interactive-5.2p37-dev"
            },
            {
              "name": "doc",
              "path": "/nix/store/7yli2zlcgjfagc27v41lwswmixmggdwa-bash-interactive-5.2p37-doc"
            },
            {
              "name": "info",
              "path": "/nix/store/83vss0vbdrq05jwfrhgn8055bfcr44c7-bash-interactive-5.2p37-info"
            }
          ],
          "store_path": "/nix/store/g2r737j05jgy19c2yqnyvs71w8bxk4b1-bash-interactive-5.2p37"
        },
        "aarch64-linux": {
          "outputs": [
            {
              "name": "out",
              "path": "/nix/store/0lg0kxzr3j67sl6ydrkcmcqk01jg89aa-bash-interactive-5.2p37",
              "default": true
            },
            {
              "name": "man",
              "path": "/nix/store/s8dwwp6wz73yr946a4sjsal4ijljv3m4-bash-interactive-5.2p37-man",
              "default": true
            },
            {
              "name": "dev",
              "path": "/nix/store/x47l5zj1bw3imkb975yx31h3clydrzha-bash-interactive-5.2p37-dev"
            },
            {
              "name": "doc",
              "path": "/nix/store/byi69qi0r7lfs6c4j52qr4p75h00168v-bash-interactive-5.2p37-doc"
            },
            {
              "name": "info",
              "path": "/nix/store/c1c3xyf5swa2ssr9lpssqyk44d2vpg1j-bash-interactive-5.2p37-info"
            },
            {
              "name": "debug",
              "path": "/nix/store/hkc6bh31i4s7vsjyha8nk4dxrms48is8-bash-interactive-5.2p37-debug"
            }
          ],
          "store_path": "/nix/store/0lg0kxzr3j67sl6ydrkcmcqk01jg89aa-bash-interactive-5.2p37"
        },
        "x86_64-darwin": {
          "outputs": [
            {
              "name": "out",
              "path": "/nix/store/iaa9ygh4y84ibrnd96j4pb5v0r5n87f3-bash-interactive-5.2p37",
              "default": true
            },
            {
              "name": "man",
              "path": "/nix/store/a0zpkp6s878hi3vrhz2wvwynwndi31cc-bash-interactive-5.2p37-man",
              "default": true
            },
            {
              "name": "dev",
              "path": "/nix/store/cp4lxxx520jm6l87p7drk72fikwrvg11-bash-interactive-5.2p37-dev"
            },
            {
              "name": "doc",
              "path": "/nix/store/f8jf3h6m9x322rkilyph467zfr2wb7j0-bash-interactive-5.2p37-doc"
            },
            {
              "name": "info",
              "path": "/nix/store/7hylfficsccag91m8pp7vpwkps52a9hp-bash-interactive-5.2p37-info"
            }
          ],
          "store_path": "/nix/store/iaa9ygh4y84ibrnd96j4pb5v0r5n87f3-bash-interactive-5.2p37"
        },
        "x86_64-linux": {
          "outputs": [
            {
              "name": "out",
              "path": "/nix/store/1q9lw4r2mbap8rsr8cja46nap6wvrw2p-bash-interactive-5.2p37",
              "default": true
            },
            {
              "name": "man",
              "path": "/nix/store/s3zz5nasd7qr894a8jrp6fy52pdrz2f1-bash-interactive-5.2p37-man",
              "default": true
            },
            {
              "name": "info",
              "path": "/nix/store/88cs6k2j021mh2ir1dzsl6m8vqgydyiw-bash-interactive-5.2p37-info"
            },
            {
              "name": "debug",
              "path": "/nix/store/lyi453yphbdm0q39knhkjw72dxz0pzb9-bash-interactive-5.2p37-debug"
            },
            {
              "name": "dev",
              "path": "/nix/store/61hjink4vi1ac1lspy6qgl6mh9x8yxs4-bash-interactive-5.2p37-dev"
            },
            {
              "name": "doc",
              "path": "/nix/store/3frg3li12mwq7g4fpmgkjv43x5bqad7d-bash-interactive-5.2p37-doc"
            }
          ],
          "store_path": "/nix/store/1q9lw4r2mbap8rsr8cja46nap6wvrw2p-bash-interactive-5.2p37"
        }
      }
    },
    "github:NixOS/nixpkgs/nixpkgs-unstable": {
      "resolved": "github:NixOS/nixpkgs/59138c7667b7970d205d6a05a8bfa2d78caa3643?lastModified=1748662220&narHash=sha256-7gGa49iB9nCnFk4h%2Fg9zwjlQAyjtpgcFkODjcOQS0Es%3D"
    },
    "nodejs@latest": {
      "last_modified": "2025-05-29T08:12:58Z",
      "plugin_version": "0.0.2",
      "resolved": "github:NixOS/nixpkgs/3866ad91cfc172f08a6839def503d8fc2923c603#nodejs_24",
      "source": "devbox-search",
      "version": "24.1.0",
      "systems": {
        "aarch64-darwin": {
          "outputs": [
            {
              "name": "out",
              "path": "/nix/store/2q5an9rpdq4vhc5ag04ajxnzxxqsqchq-nodejs-24.1.0",
              "default": true
            },
            {
              "name": "dev",
              "path": "/nix/store/hb25vqffnqd3hl7glmm1y4n54bmpfppr-nodejs-24.1.0-dev"
            },
            {
              "name": "libv8",
              "path": "/nix/store/jw04y4lzw7x0v2yh437s3l6cri5l50vv-nodejs-24.1.0-libv8"
            }
          ],
          "store_path": "/nix/store/2q5an9rpdq4vhc5ag04ajxnzxxqsqchq-nodejs-24.1.0"
        },
        "aarch64-linux": {
          "outputs": [
            {
              "name": "out",
              "path": "/nix/store/1ypnf27d1amna71zl7jgjpli4r2xqzx9-nodejs-24.1.0",
              "default": true
            },
            {
              "name": "libv8",
              "path": "/nix/store/z1cbkwmgw0f94rhvc40v3k8z1rg9zkzf-nodejs-24.1.0-libv8"
            },
            {
              "name": "dev",
              "path": "/nix/store/3alphvmg91jin165pj9q5zfk7j40azbg-nodejs-24.1.0-dev"
            }
          ],
          "store_path": "/nix/store/1ypnf27d1amna71zl7jgjpli4r2xqzx9-nodejs-24.1.0"
        },
        "x86_64-darwin": {
          "outputs": [
            {
              "name": "out",
              "path": "/nix/store/plga9910l27vbg30ajmdsmccyj2a3pxm-nodejs-24.1.0",
              "default": true
            },
            {
              "name": "dev",
              "path": "/nix/store/4b8xp5vrd08ca1im5b607x1wwvy4njjx-nodejs-24.1.0-dev"
            },
            {
              "name": "libv8",
              "path": "/nix/store/d6cq633qq8jr8liaip97fjwpv9r15ivb-nodejs-24.1.0-libv8"
            }
          ],
          "store_path": "/nix/store/plga9910l27vbg30ajmdsmccyj2a3pxm-nodejs-24.1.0"
        },
        "x86_64-linux": {
          "outputs": [
            {
              "name": "out",
              "path": "/nix/store/wnayblhh0555nwfccnzcqkzph52y4yby-nodejs-24.1.0",
              "default": true
            },
            {
              "name": "libv8",
              "path": "/nix/store/4paqvzbw7jjzvn64liv5wwzc7fdsr7k7-nodejs-24.1.0-libv8"
            },
            {
              "name": "dev",
              "path": "/nix/store/8ydr7k53w188y9fhskl7ahl8ibchx7w8-nodejs-24.1.0-dev"
            }
          ],
          "store_path": "/nix/store/wnayblhh0555nwfccnzcqkzph52y4yby-nodejs-24.1.0"
        }
      }
    },
    "openssl@latest": {
      "last_modified": "2025-05-29T08:12:58Z",
      "resolved": "github:NixOS/nixpkgs/3866ad91cfc172f08a6839def503d8fc2923c603#openssl",
      "source": "devbox-search",
      "version": "3.4.1",
      "systems": {
        "aarch64-darwin": {
          "outputs": [
            {
              "name": "bin",
              "path": "/nix/store/bx0b6gvphv01s2px3j1h1ajy036h8bgb-openssl-3.4.1-bin",
              "default": true
            },
            {
              "name": "man",
              "path": "/nix/store/pwwqlk8zacsz87xz0gbic7zvhvjid232-openssl-3.4.1-man",
              "default": true
            },
            {
              "name": "dev",
              "path": "/nix/store/kbs1gz7p2j7qd1lixqzkladkjdxs8nj7-openssl-3.4.1-dev"
            },
            {
              "name": "doc",
              "path": "/nix/store/sjmrjajggy3648nkn0ipz8axhj34qqn5-openssl-3.4.1-doc"
            },
            {
              "name": "out",
              "path": "/nix/store/z2js30ib9b11hhcy1zy6x4nzdg75bpxf-openssl-3.4.1"
            }
          ],
          "store_path": "/nix/store/bx0b6gvphv01s2px3j1h1ajy036h8bgb-openssl-3.4.1-bin"
        },
        "aarch64-linux": {
          "outputs": [
            {
              "name": "bin",
              "path": "/nix/store/x89xyla4b5vdl5i7a417vbnrbhnyv2a9-openssl-3.4.1-bin",
              "default": true
            },
            {
              "name": "man",
              "path": "/nix/store/qqrcl2hqav9wrqj887zvsf4ywck4d4pq-openssl-3.4.1-man",
              "default": true
            },
            {
              "name": "out",
              "path": "/nix/store/ffdmy5fhjr6m1gkb8mycyf3swakvygd1-openssl-3.4.1"
            },
            {
              "name": "debug",
              "path": "/nix/store/m9cm6npjkgc7yl008nlfdbqz1gnw1n3n-openssl-3.4.1-debug"
            },
            {
              "name": "dev",
              "path": "/nix/store/snmsdv923yl1biv1lfg1as31smff1j7s-openssl-3.4.1-dev"
            },
            {
              "name": "doc",
              "path": "/nix/store/ybjya4sv3m3cjm5s3v1gp527lcbavsc5-openssl-3.4.1-doc"
            }
          ],
          "store_path": "/nix/store/x89xyla4b5vdl5i7a417vbnrbhnyv2a9-openssl-3.4.1-bin"
        },
        "x86_64-darwin": {
          "outputs": [
            {
              "name": "bin",
              "path": "/nix/store/liqdyh2xc61v6g9lhhydijsd79p0ghgq-openssl-3.4.1-bin",
              "default": true
            },
            {
              "name": "man",
              "path": "/nix/store/6vyh0kmpyyaliqrxa01iw56x50c8jrf3-openssl-3.4.1-man",
              "default": true
            },
            {
              "name": "out",
              "path": "/nix/store/gf7l76id9931pnshsvvv8izg00hbgaxw-openssl-3.4.1"
            },
            {
              "name": "dev",
              "path": "/nix/store/58m9pn9yksg7xjl6kl7qmmp2dwj9gjg2-openssl-3.4.1-dev"
            },
            {
              "name": "doc",
              "path": "/nix/store/iskcy65i66j6x2b8q1y40x0qlmppnk48-openssl-3.4.1-doc"
            }
          ],
          "store_path": "/nix/store/liqdyh2xc61v6g9lhhydijsd79p0ghgq-openssl-3.4.1-bin"
        },
        "x86_64-linux": {
          "outputs": [
            {
              "name": "bin",
              "path": "/nix/store/rjzx8v679rwd6dsb6s08iy3j2rrax72s-openssl-3.4.1-bin",
              "default": true
            },
            {
              "name": "man",
              "path": "/nix/store/1l5b31cnswnbcdcac9rzs9xixnc2n9r5-openssl-3.4.1-man",
              "default": true
            },
            {
              "name": "debug",
              "path": "/nix/store/yk2g2gfcj2fy1ffyi1g91q7jmp4h8pxa-openssl-3.4.1-debug"
            },
            {
              "name": "dev",
              "path": "/nix/store/kcgqglb4iax0zh5jlrxmjdik93wlgsrq-openssl-3.4.1-dev"
            },
            {
              "name": "doc",
              "path": "/nix/store/9fz5qmj0z70cbzy7mapml0sbi8z6ap0a-openssl-3.4.1-doc"
            },
            {
              "name": "out",
              "path": "/nix/store/8pviily4fgsl02ijm65binz236717wfs-openssl-3.4.1"
            }
          ],
          "store_path": "/nix/store/rjzx8v679rwd6dsb6s08iy3j2rrax72s-openssl-3.4.1-bin"
        }
      }
    }
  }
}
